# THIS IS AN AUTOGENERATED FILE. DO NOT EDIT THIS FILE DIRECTLY.
# yarn lockfile v1


big-integer@^1.6.7:
  version "1.6.48"
  resolved "http://artifactory.intra.xiaojukeji.com:80/artifactory/api/npm/npm/big-integer/download/big-integer-1.6.48.tgz#8fd88bd1632cba4a1c8c3e3d7159f08bb95b4b9e"
  integrity sha1-j9iL0WMsukocjD49cVnwi7lbS54=

bplist-parser@^0.1.0:
  version "0.1.1"
  resolved "http://artifactory.intra.xiaojukeji.com:80/artifactory/api/npm/npm/bplist-parser/download/bplist-parser-0.1.1.tgz#d60d5dcc20cba6dc7e1f299b35d3e1f95dafbae6"
  integrity sha1-1g1dzCDLptx+HymbNdPh+V2vuuY=
  dependencies:
    big-integer "^1.6.7"

default-browser-id@^2.0.0:
  version "2.0.0"
  resolved "http://artifactory.intra.xiaojukeji.com:80/artifactory/api/npm/npm/default-browser-id/download/default-browser-id-2.0.0.tgz#01ecce371a71e85f15a17177e7863047e73dbe7d"
  integrity sha1-AezONxpx6F8VoXF354YwR+c9vn0=
  dependencies:
    bplist-parser "^0.1.0"
    pify "^2.3.0"
    untildify "^2.0.0"

esbuild@^0.8.7:
  version "0.8.57"
  resolved "http://artifactory.intra.xiaojukeji.com:80/artifactory/api/npm/npm/esbuild/download/esbuild-0.8.57.tgz#a42d02bc2b57c70bcd0ef897fe244766bb6dd926"
  integrity sha1-pC0CvCtXxwvNDviX/iRHZrtt2SY=

fsevents@^2.2.0, fsevents@~2.3.1:
  version "2.3.2"
  resolved "http://artifactory.intra.xiaojukeji.com:80/artifactory/api/npm/npm/fsevents/download/fsevents-2.3.2.tgz#8a526f78b8fdf4623b709e0b975c52c24c02fd1a"
  integrity sha1-ilJveLj99GI7cJ4Ll1xSwkwC/Ro=

function-bind@^1.1.1:
  version "1.1.1"
  resolved "http://artifactory.intra.xiaojukeji.com:80/artifactory/api/npm/npm/function-bind/download/function-bind-1.1.1.tgz#a56899d3ea3c9bab874bb9773b7c5ede92f4895d"
  integrity sha1-pWiZ0+o8m6uHS7l3O3xe3pL0iV0=

has@^1.0.3:
  version "1.0.3"
  resolved "http://artifactory.intra.xiaojukeji.com:80/artifactory/api/npm/npm/has/download/has-1.0.3.tgz#722d7cbfc1f6aa8241f16dd814e011e1f41e8796"
  integrity sha1-ci18v8H2qoJB8W3YFOAR4fQeh5Y=
  dependencies:
    function-bind "^1.1.1"

is-core-module@^2.2.0:
  version "2.2.0"
  resolved "http://artifactory.intra.xiaojukeji.com:80/artifactory/api/npm/npm/is-core-module/download/is-core-module-2.2.0.tgz#97037ef3d52224d85163f5597b2b63d9afed981a"
  integrity sha1-lwN+89UiJNhRY/VZeytj2a/tmBo=
  dependencies:
    has "^1.0.3"

is-docker@^2.0.0:
  version "2.1.1"
  resolved "http://artifactory.intra.xiaojukeji.com:80/artifactory/api/npm/npm/is-docker/download/is-docker-2.1.1.tgz#4125a88e44e450d384e09047ede71adc2d144156"
  integrity sha1-QSWojkTkUNOE4JBH7eca3C0UQVY=

is-wsl@^2.1.1:
  version "2.2.0"
  resolved "http://artifactory.intra.xiaojukeji.com:80/artifactory/api/npm/npm/is-wsl/download/is-wsl-2.2.0.tgz#74a4c76e77ca9fd3f932f290c17ea326cd157271"
  integrity sha1-dKTHbnfKn9P5MvKQwX6jJs0VcnE=
  dependencies:
    is-docker "^2.0.0"

"js-tokens@^3.0.0 || ^4.0.0":
  version "4.0.0"
  resolved "http://artifactory.intra.xiaojukeji.com:80/artifactory/api/npm/npm/js-tokens/download/js-tokens-4.0.0.tgz#19203fb59991df98e3a287050d4647cdeaf32499"
  integrity sha1-GSA/tZmR35jjoocFDUZHzerzJJk=

loose-envify@^1.1.0:
  version "1.4.0"
  resolved "http://artifactory.intra.xiaojukeji.com:80/artifactory/api/npm/npm/loose-envify/download/loose-envify-1.4.0.tgz#71ee51fa7be4caec1a63839f7e682d8132d30caf"
  integrity sha1-ce5R+nvkyuwaY4OffmgtgTLTDK8=
  dependencies:
    js-tokens "^3.0.0 || ^4.0.0"

object-assign@^4.1.1:
  version "4.1.1"
  resolved "http://artifactory.intra.xiaojukeji.com:80/artifactory/api/npm/npm/object-assign/download/object-assign-4.1.1.tgz#2109adc7965887cfc05cbbd442cac8bfbb360863"
  integrity sha1-IQmtx5ZYh8/AXLvUQsrIv7s2CGM=

open@^7.0.4:
  version "7.4.2"
  resolved "http://artifactory.intra.xiaojukeji.com:80/artifactory/api/npm/npm/open/download/open-7.4.2.tgz#b8147e26dcf3e426316c730089fd71edd29c2321"
  integrity sha1-uBR+Jtzz5CYxbHMAif1x7dKcIyE=
  dependencies:
    is-docker "^2.0.0"
    is-wsl "^2.1.1"

os-homedir@^1.0.0:
  version "1.0.2"
  resolved "http://artifactory.intra.xiaojukeji.com:80/artifactory/api/npm/npm/os-homedir/download/os-homedir-1.0.2.tgz#ffbc4988336e0e833de0c168c7ef152121aa7fb3"
  integrity sha1-/7xJiDNuDoM94MFox+8VISGqf7M=

path-parse@^1.0.6:
  version "1.0.6"
  resolved "http://artifactory.intra.xiaojukeji.com:80/artifactory/api/npm/npm/path-parse/download/path-parse-1.0.6.tgz#d62dbb5679405d72c4737ec58600e9ddcf06d24c"
  integrity sha1-1i27VnlAXXLEc37FhgDp3c8G0kw=

pify@^2.3.0:
  version "2.3.0"
  resolved "http://artifactory.intra.xiaojukeji.com:80/artifactory/api/npm/npm/pify/download/pify-2.3.0.tgz#ed141a6ac043a849ea588498e7dca8b15330e90c"
  integrity sha1-7RQaasBDqEnqWISY59yosVMw6Qw=

react-dom@^17.0.1:
  version "17.0.1"
  resolved "http://artifactory.intra.xiaojukeji.com:80/artifactory/api/npm/npm/react-dom/download/react-dom-17.0.1.tgz#1de2560474ec9f0e334285662ede52dbc5426fc6"
  integrity sha1-HeJWBHTsnw4zQoVmLt5S28VCb8Y=
  dependencies:
    loose-envify "^1.1.0"
    object-assign "^4.1.1"
    scheduler "^0.20.1"

react@^17.0.1:
  version "17.0.1"
  resolved "http://artifactory.intra.xiaojukeji.com:80/artifactory/api/npm/npm/react/download/react-17.0.1.tgz#6e0600416bd57574e3f86d92edba3d9008726127"
  integrity sha1-bgYAQWvVdXTj+G2S7bo9kAhyYSc=
  dependencies:
    loose-envify "^1.1.0"
    object-assign "^4.1.1"

resolve@^1.20.0:
  version "1.20.0"
  resolved "http://artifactory.intra.xiaojukeji.com:80/artifactory/api/npm/npm/resolve/download/resolve-1.20.0.tgz#629a013fb3f70755d6f0b7935cc1c2c5378b1975"
  integrity sha1-YpoBP7P3B1XW8LeTXMHCxTeLGXU=
  dependencies:
    is-core-module "^2.2.0"
    path-parse "^1.0.6"

rollup@^2.34.0:
  version "2.41.0"
  resolved "http://artifactory.intra.xiaojukeji.com:80/artifactory/api/npm/npm/rollup/download/rollup-2.41.0.tgz#b2a398bbabbf227738dedaef099e494aed468982"
  integrity sha1-sqOYu6u/Inc43trvCZ5JSu1GiYI=
  optionalDependencies:
    fsevents "~2.3.1"

scheduler@^0.20.1:
  version "0.20.1"
  resolved "http://artifactory.intra.xiaojukeji.com:80/artifactory/api/npm/npm/scheduler/download/scheduler-0.20.1.tgz#da0b907e24026b01181ecbc75efdc7f27b5a000c"
  integrity sha1-2guQfiQCawEYHsvHXv3H8ntaAAw=
  dependencies:
    loose-envify "^1.1.0"
    object-assign "^4.1.1"

snowpack@^3.0.13:
  version "3.0.13"
  resolved "http://artifactory.intra.xiaojukeji.com:80/artifactory/api/npm/npm/snowpack/download/snowpack-3.0.13.tgz#25e6434b186d916f69b0bae6325bda4f1451c035"
  integrity sha1-JeZDSxhtkW9psLrmMlvaTxRRwDU=
  dependencies:
    default-browser-id "^2.0.0"
    esbuild "^0.8.7"
    open "^7.0.4"
    resolve "^1.20.0"
    rollup "^2.34.0"
  optionalDependencies:
    fsevents "^2.2.0"

untildify@^2.0.0:
  version "2.1.0"
  resolved "http://artifactory.intra.xiaojukeji.com:80/artifactory/api/npm/npm/untildify/download/untildify-2.1.0.tgz#17eb2807987f76952e9c0485fc311d06a826a2e0"
  integrity sha1-F+soB5h/dpUunASF/DEdBqgmouA=
  dependencies:
    os-homedir "^1.0.0"
